// !$*UTF8*$!
{
	archiveVersion = 1;
	classes = {
	};
	objectVersion = 46;
	objects = {

/* Begin PBXBuildFile section */
		63D79D9D1975C19D00E820F1 /* Die-1.png in Resources */ = {isa = PBXBuildFile; fileRef = 63D79D901975C19D00E820F1 /* Die-1.png */; };
		63D79D9E1975C19D00E820F1 /* Die-2.png in Resources */ = {isa = PBXBuildFile; fileRef = 63D79D911975C19D00E820F1 /* Die-2.png */; };
		63D79D9F1975C19D00E820F1 /* Die-3.png in Resources */ = {isa = PBXBuildFile; fileRef = 63D79D921975C19D00E820F1 /* Die-3.png */; };
		63D79DA01975C19D00E820F1 /* Die-4.png in Resources */ = {isa = PBXBuildFile; fileRef = 63D79D931975C19D00E820F1 /* Die-4.png */; };
		63D79DA11975C19D00E820F1 /* Die-5.png in Resources */ = {isa = PBXBuildFile; fileRef = 63D79D941975C19D00E820F1 /* Die-5.png */; };
		63D79DA21975C19D00E820F1 /* Die-6.png in Resources */ = {isa = PBXBuildFile; fileRef = 63D79D951975C19D00E820F1 /* Die-6.png */; };
		63D79DA31975C19D00E820F1 /* Goofy.png in Resources */ = {isa = PBXBuildFile; fileRef = 63D79D961975C19D00E820F1 /* Goofy.png */; };
		63D79DA41975C19D00E820F1 /* HarryGQ.jpg in Resources */ = {isa = PBXBuildFile; fileRef = 63D79D971975C19D00E820F1 /* HarryGQ.jpg */; };
		63D79DA51975C19D00E820F1 /* LiamGQ.jpg in Resources */ = {isa = PBXBuildFile; fileRef = 63D79D981975C19D00E820F1 /* LiamGQ.jpg */; };
		63D79DA61975C19D00E820F1 /* LouisGQ.jpg in Resources */ = {isa = PBXBuildFile; fileRef = 63D79D991975C19D00E820F1 /* LouisGQ.jpg */; };
		63D79DA71975C19D00E820F1 /* NiallGQ.jpg in Resources */ = {isa = PBXBuildFile; fileRef = 63D79D9A1975C19D00E820F1 /* NiallGQ.jpg */; };
		63D79DA81975C19D00E820F1 /* Team.jpg in Resources */ = {isa = PBXBuildFile; fileRef = 63D79D9B1975C19D00E820F1 /* Team.jpg */; };
		63D79DA91975C19D00E820F1 /* ZaynGQ.jpg in Resources */ = {isa = PBXBuildFile; fileRef = 63D79D9C1975C19D00E820F1 /* ZaynGQ.jpg */; };
		63D8ADC21963D10F00FD3F47 /* AppDelegate.swift in Sources */ = {isa = PBXBuildFile; fileRef = 63D8ADC11963D10F00FD3F47 /* AppDelegate.swift */; };
		63D8ADC41963D10F00FD3F47 /* ViewController.swift in Sources */ = {isa = PBXBuildFile; fileRef = 63D8ADC31963D10F00FD3F47 /* ViewController.swift */; };
		63D8ADC71963D10F00FD3F47 /* Main.storyboard in Resources */ = {isa = PBXBuildFile; fileRef = 63D8ADC51963D10F00FD3F47 /* Main.storyboard */; };
		63D8ADC91963D10F00FD3F47 /* Images.xcassets in Resources */ = {isa = PBXBuildFile; fileRef = 63D8ADC81963D10F00FD3F47 /* Images.xcassets */; };
		63D8ADD51963D10F00FD3F47 /* YahweezeeTests.swift in Sources */ = {isa = PBXBuildFile; fileRef = 63D8ADD41963D10F00FD3F47 /* YahweezeeTests.swift */; };
/* End PBXBuildFile section */

/* Begin PBXContainerItemProxy section */
		63D8ADCF1963D10F00FD3F47 /* PBXContainerItemProxy */ = {
			isa = PBXContainerItemProxy;
			containerPortal = 63D8ADB41963D10F00FD3F47 /* Project object */;
			proxyType = 1;
			remoteGlobalIDString = 63D8ADBB1963D10F00FD3F47;
			remoteInfo = Yahweezee;
		};
/* End PBXContainerItemProxy section */

/* Begin PBXFileReference section */
		63D79D901975C19D00E820F1 /* Die-1.png */ = {isa = PBXFileReference; lastKnownFileType = image.png; name = "Die-1.png"; path = "../../../../../Desktop/rsc/Die-1.png"; sourceTree = "<group>"; };
		63D79D911975C19D00E820F1 /* Die-2.png */ = {isa = PBXFileReference; lastKnownFileType = image.png; name = "Die-2.png"; path = "../../../../../Desktop/rsc/Die-2.png"; sourceTree = "<group>"; };
		63D79D921975C19D00E820F1 /* Die-3.png */ = {isa = PBXFileReference; lastKnownFileType = image.png; name = "Die-3.png"; path = "../../../../../Desktop/rsc/Die-3.png"; sourceTree = "<group>"; };
		63D79D931975C19D00E820F1 /* Die-4.png */ = {isa = PBXFileReference; lastKnownFileType = image.png; name = "Die-4.png"; path = "../../../../../Desktop/rsc/Die-4.png"; sourceTree = "<group>"; };
		63D79D941975C19D00E820F1 /* Die-5.png */ = {isa = PBXFileReference; lastKnownFileType = image.png; name = "Die-5.png"; path = "../../../../../Desktop/rsc/Die-5.png"; sourceTree = "<group>"; };
		63D79D951975C19D00E820F1 /* Die-6.png */ = {isa = PBXFileReference; lastKnownFileType = image.png; name = "Die-6.png"; path = "../../../../../Desktop/rsc/Die-6.png"; sourceTree = "<group>"; };
		63D79D961975C19D00E820F1 /* Goofy.png */ = {isa = PBXFileReference; lastKnownFileType = image.png; name = Goofy.png; path = ../../../../../Desktop/rsc/Goofy.png; sourceTree = "<group>"; };
		63D79D971975C19D00E820F1 /* HarryGQ.jpg */ = {isa = PBXFileReference; lastKnownFileType = image.jpeg; name = HarryGQ.jpg; path = ../../../../../Desktop/rsc/HarryGQ.jpg; sourceTree = "<group>"; };
		63D79D981975C19D00E820F1 /* LiamGQ.jpg */ = {isa = PBXFileReference; lastKnownFileType = image.jpeg; name = LiamGQ.jpg; path = ../../../../../Desktop/rsc/LiamGQ.jpg; sourceTree = "<group>"; };
		63D79D991975C19D00E820F1 /* LouisGQ.jpg */ = {isa = PBXFileReference; lastKnownFileType = image.jpeg; name = LouisGQ.jpg; path = ../../../../../Desktop/rsc/LouisGQ.jpg; sourceTree = "<group>"; };
		63D79D9A1975C19D00E820F1 /* NiallGQ.jpg */ = {isa = PBXFileReference; lastKnownFileType = image.jpeg; name = NiallGQ.jpg; path = ../../../../../Desktop/rsc/NiallGQ.jpg; sourceTree = "<group>"; };
		63D79D9B1975C19D00E820F1 /* Team.jpg */ = {isa = PBXFileReference; lastKnownFileType = image.jpeg; name = Team.jpg; path = ../../../../../Desktop/rsc/Team.jpg; sourceTree = "<group>"; };
		63D79D9C1975C19D00E820F1 /* ZaynGQ.jpg */ = {isa = PBXFileReference; lastKnownFileType = image.jpeg; name = ZaynGQ.jpg; path = ../../../../../Desktop/rsc/ZaynGQ.jpg; sourceTree = "<group>"; };
		63D8ADBC1963D10F00FD3F47 /* Yahweezee.app */ = {isa = PBXFileReference; explicitFileType = wrapper.application; includeInIndex = 0; path = Yahweezee.app; sourceTree = BUILT_PRODUCTS_DIR; };
		63D8ADC01963D10F00FD3F47 /* Info.plist */ = {isa = PBXFileReference; lastKnownFileType = text.plist.xml; path = Info.plist; sourceTree = "<group>"; };
		63D8ADC11963D10F00FD3F47 /* AppDelegate.swift */ = {isa = PBXFileReference; lastKnownFileType = sourcecode.swift; path = AppDelegate.swift; sourceTree = "<group>"; };
		63D8ADC31963D10F00FD3F47 /* ViewController.swift */ = {isa = PBXFileReference; lastKnownFileType = sourcecode.swift; path = ViewController.swift; sourceTree = "<group>"; };
		63D8ADC61963D10F00FD3F47 /* Base */ = {isa = PBXFileReference; lastKnownFileType = file.storyboard; name = Base; path = Base.lproj/Main.storyboard; sourceTree = "<group>"; };
		63D8ADC81963D10F00FD3F47 /* Images.xcassets */ = {isa = PBXFileReference; lastKnownFileType = folder.assetcatalog; path = Images.xcassets; sourceTree = "<group>"; };
		63D8ADCE1963D10F00FD3F47 /* YahweezeeTests.xctest */ = {isa = PBXFileReference; explicitFileType = wrapper.cfbundle; includeInIndex = 0; path = YahweezeeTests.xctest; sourceTree = BUILT_PRODUCTS_DIR; };
		63D8ADD31963D10F00FD3F47 /* Info.plist */ = {isa = PBXFileReference; lastKnownFileType = text.plist.xml; path = Info.plist; sourceTree = "<group>"; };
		63D8ADD41963D10F00FD3F47 /* YahweezeeTests.swift */ = {isa = PBXFileReference; lastKnownFileType = sourcecode.swift; path = YahweezeeTests.swift; sourceTree = "<group>"; };
/* End PBXFileReference section */

/* Begin PBXFrameworksBuildPhase section */
		63D8ADB91963D10F00FD3F47 /* Frameworks */ = {
			isa = PBXFrameworksBuildPhase;
			buildActionMask = 2147483647;
			files = (
			);
			runOnlyForDeploymentPostprocessing = 0;
		};
		63D8ADCB1963D10F00FD3F47 /* Frameworks */ = {
			isa = PBXFrameworksBuildPhase;
			buildActionMask = 2147483647;
			files = (
			);
			runOnlyForDeploymentPostprocessing = 0;
		};
/* End PBXFrameworksBuildPhase section */

/* Begin PBXGroup section */
		63D8ADB31963D10F00FD3F47 = {
			isa = PBXGroup;
			children = (
				63D8ADBE1963D10F00FD3F47 /* Yahweezee */,
				63D8ADD11963D10F00FD3F47 /* YahweezeeTests */,
				63D8ADBD1963D10F00FD3F47 /* Products */,
			);
			sourceTree = "<group>";
		};
		63D8ADBD1963D10F00FD3F47 /* Products */ = {
			isa = PBXGroup;
			children = (
				63D8ADBC1963D10F00FD3F47 /* Yahweezee.app */,
				63D8ADCE1963D10F00FD3F47 /* YahweezeeTests.xctest */,
			);
			name = Products;
			sourceTree = "<group>";
		};
		63D8ADBE1963D10F00FD3F47 /* Yahweezee */ = {
			isa = PBXGroup;
			children = (
				63D8ADC11963D10F00FD3F47 /* AppDelegate.swift */,
				63D8ADC31963D10F00FD3F47 /* ViewController.swift */,
				63D8ADC51963D10F00FD3F47 /* Main.storyboard */,
				63D8ADC81963D10F00FD3F47 /* Images.xcassets */,
				63D8ADBF1963D10F00FD3F47 /* Supporting Files */,
			);
			path = Yahweezee;
			sourceTree = "<group>";
		};
		63D8ADBF1963D10F00FD3F47 /* Supporting Files */ = {
			isa = PBXGroup;
			children = (
				63D79D901975C19D00E820F1 /* Die-1.png */,
				63D79D911975C19D00E820F1 /* Die-2.png */,
				63D79D921975C19D00E820F1 /* Die-3.png */,
				63D79D931975C19D00E820F1 /* Die-4.png */,
				63D79D941975C19D00E820F1 /* Die-5.png */,
				63D79D951975C19D00E820F1 /* Die-6.png */,
				63D79D961975C19D00E820F1 /* Goofy.png */,
				63D79D971975C19D00E820F1 /* HarryGQ.jpg */,
				63D79D981975C19D00E820F1 /* LiamGQ.jpg */,
				63D79D991975C19D00E820F1 /* LouisGQ.jpg */,
				63D79D9A1975C19D00E820F1 /* NiallGQ.jpg */,
				63D79D9B1975C19D00E820F1 /* Team.jpg */,
				63D79D9C1975C19D00E820F1 /* ZaynGQ.jpg */,
				63D8ADC01963D10F00FD3F47 /* Info.plist */,
			);
			name = "Supporting Files";
			sourceTree = "<group>";
		};
		63D8ADD11963D10F00FD3F47 /* YahweezeeTests */ = {
			isa = PBXGroup;
			children = (
				63D8ADD41963D10F00FD3F47 /* YahweezeeTests.swift */,
				63D8ADD21963D10F00FD3F47 /* Supporting Files */,
			);
			path = YahweezeeTests;
			sourceTree = "<group>";
		};
		63D8ADD21963D10F00FD3F47 /* Supporting Files */ = {
			isa = PBXGroup;
			children = (
				63D8ADD31963D10F00FD3F47 /* Info.plist */,
			);
			name = "Supporting Files";
			sourceTree = "<group>";
		};
/* End PBXGroup section */

/* Begin PBXNativeTarget section */
		63D8ADBB1963D10F00FD3F47 /* Yahweezee */ = {
			isa = PBXNativeTarget;
			buildConfigurationList = 63D8ADD81963D10F00FD3F47 /* Build configuration list for PBXNativeTarget "Yahweezee" */;
			buildPhases = (
				63D8ADB81963D10F00FD3F47 /* Sources */,
				63D8ADB91963D10F00FD3F47 /* Frameworks */,
				63D8ADBA1963D10F00FD3F47 /* Resources */,
			);
			buildRules = (
			);
			dependencies = (
			);
			name = Yahweezee;
			productName = Yahweezee;
			productReference = 63D8ADBC1963D10F00FD3F47 /* Yahweezee.app */;
			productType = "com.apple.product-type.application";
		};
		63D8ADCD1963D10F00FD3F47 /* YahweezeeTests */ = {
			isa = PBXNativeTarget;
			buildConfigurationList = 63D8ADDB1963D10F00FD3F47 /* Build configuration list for PBXNativeTarget "YahweezeeTests" */;
			buildPhases = (
				63D8ADCA1963D10F00FD3F47 /* Sources */,
				63D8ADCB1963D10F00FD3F47 /* Frameworks */,
				63D8ADCC1963D10F00FD3F47 /* Resources */,
			);
			buildRules = (
			);
			dependencies = (
				63D8ADD01963D10F00FD3F47 /* PBXTargetDependency */,
			);
			name = YahweezeeTests;
			productName = YahweezeeTests;
			productReference = 63D8ADCE1963D10F00FD3F47 /* YahweezeeTests.xctest */;
			productType = "com.apple.product-type.bundle.unit-test";
		};
/* End PBXNativeTarget section */

/* Begin PBXProject section */
		63D8ADB41963D10F00FD3F47 /* Project object */ = {
			isa = PBXProject;
			attributes = {
				LastUpgradeCheck = 0600;
				ORGANIZATIONNAME = "David Barry";
				TargetAttributes = {
					63D8ADBB1963D10F00FD3F47 = {
						CreatedOnToolsVersion = 6.0;
					};
					63D8ADCD1963D10F00FD3F47 = {
						CreatedOnToolsVersion = 6.0;
						TestTargetID = 63D8ADBB1963D10F00FD3F47;
					};
				};
			};
			buildConfigurationList = 63D8ADB71963D10F00FD3F47 /* Build configuration list for PBXProject "Yahweezee" */;
			compatibilityVersion = "Xcode 3.2";
			developmentRegion = English;
			hasScannedForEncodings = 0;
			knownRegions = (
				en,
				Base,
			);
			mainGroup = 63D8ADB31963D10F00FD3F47;
			productRefGroup = 63D8ADBD1963D10F00FD3F47 /* Products */;
			projectDirPath = "";
			projectRoot = "";
			targets = (
				63D8ADBB1963D10F00FD3F47 /* Yahweezee */,
				63D8ADCD1963D10F00FD3F47 /* YahweezeeTests */,
			);
		};
/* End PBXProject section */

/* Begin PBXResourcesBuildPhase section */
		63D8ADBA1963D10F00FD3F47 /* Resources */ = {
			isa = PBXResourcesBuildPhase;
			buildActionMask = 2147483647;
			files = (
				63D8ADC71963D10F00FD3F47 /* Main.storyboard in Resources */,
				63D79DA31975C19D00E820F1 /* Goofy.png in Resources */,
				63D79DA21975C19D00E820F1 /* Die-6.png in Resources */,
				63D79D9E1975C19D00E820F1 /* Die-2.png in Resources */,
				63D79DA11975C19D00E820F1 /* Die-5.png in Resources */,
				63D79D9F1975C19D00E820F1 /* Die-3.png in Resources */,
				63D8ADC91963D10F00FD3F47 /* Images.xcassets in Resources */,
				63D79DA71975C19D00E820F1 /* NiallGQ.jpg in Resources */,
				63D79DA51975C19D00E820F1 /* LiamGQ.jpg in Resources */,
				63D79D9D1975C19D00E820F1 /* Die-1.png in Resources */,
				63D79DA91975C19D00E820F1 /* ZaynGQ.jpg in Resources */,
				63D79DA81975C19D00E820F1 /* Team.jpg in Resources */,
				63D79DA41975C19D00E820F1 /* HarryGQ.jpg in Resources */,
				63D79DA61975C19D00E820F1 /* LouisGQ.jpg in Resources */,
				63D79DA01975C19D00E820F1 /* Die-4.png in Resources */,
			);
			runOnlyForDeploymentPostprocessing = 0;
		};
		63D8ADCC1963D10F00FD3F47 /* Resources */ = {
			isa = PBXResourcesBuildPhase;
			buildActionMask = 2147483647;
			files = (
			);
			runOnlyForDeploymentPostprocessing = 0;
		};
/* End PBXResourcesBuildPhase section */

/* Begin PBXSourcesBuildPhase section */
		63D8ADB81963D10F00FD3F47 /* Sources */ = {
			isa = PBXSourcesBuildPhase;
			buildActionMask = 2147483647;
			files = (
				63D8ADC41963D10F00FD3F47 /* ViewController.swift in Sources */,
				63D8ADC21963D10F00FD3F47 /* AppDelegate.swift in Sources */,
			);
			runOnlyForDeploymentPostprocessing = 0;
		};
		63D8ADCA1963D10F00FD3F47 /* Sources */ = {
			isa = PBXSourcesBuildPhase;
			buildActionMask = 2147483647;
			files = (
				63D8ADD51963D10F00FD3F47 /* YahweezeeTests.swift in Sources */,
			);
			runOnlyForDeploymentPostprocessing = 0;
		};
/* End PBXSourcesBuildPhase section */

/* Begin PBXTargetDependency section */
		63D8ADD01963D10F00FD3F47 /* PBXTargetDependency */ = {
			isa = PBXTargetDependency;
			target = 63D8ADBB1963D10F00FD3F47 /* Yahweezee */;
			targetProxy = 63D8ADCF1963D10F00FD3F47 /* PBXContainerItemProxy */;
		};
/* End PBXTargetDependency section */

/* Begin PBXVariantGroup section */
		63D8ADC51963D10F00FD3F47 /* Main.storyboard */ = {
			isa = PBXVariantGroup;
			children = (
				63D8ADC61963D10F00FD3F47 /* Base */,
			);
			name = Main.storyboard;
			sourceTree = "<group>";
		};
/* End PBXVariantGroup section */

/* Begin XCBuildConfiguration section */
		63D8ADD61963D10F00FD3F47 /* Debug */ = {
			isa = XCBuildConfiguration;
			buildSettings = {
				ALWAYS_SEARCH_USER_PATHS = NO;
				CLANG_CXX_LANGUAGE_STANDARD = "gnu++0x";
				CLANG_CXX_LIBRARY = "libc++";
				CLANG_ENABLE_MODULES = YES;
				CLANG_ENABLE_OBJC_ARC = YES;
				CLANG_WARN_BOOL_CONVERSION = YES;
				CLANG_WARN_CONSTANT_CONVERSION = YES;
				CLANG_WARN_DIRECT_OBJC_ISA_USAGE = YES_ERROR;
				CLANG_WARN_EMPTY_BODY = YES;
				CLANG_WARN_ENUM_CONVERSION = YES;
				CLANG_WARN_INT_CONVERSION = YES;
				CLANG_WARN_OBJC_ROOT_CLASS = YES_ERROR;
				CLANG_WARN_UNREACHABLE_CODE = YES;
				CLANG_WARN__DUPLICATE_METHOD_MATCH = YES;
				"CODE_SIGN_IDENTITY[sdk=iphoneos*]" = "iPhone Developer";
				COPY_PHASE_STRIP = NO;
				ENABLE_STRICT_OBJC_MSGSEND = YES;
				GCC_C_LANGUAGE_STANDARD = gnu99;
				GCC_DYNAMIC_NO_PIC = NO;
				GCC_OPTIMIZATION_LEVEL = 0;
				GCC_PREPROCESSOR_DEFINITIONS = (
					"DEBUG=1",
					"$(inherited)",
				);
				GCC_SYMBOLS_PRIVATE_EXTERN = NO;
				GCC_WARN_64_TO_32_BIT_CONVERSION = YES;
				GCC_WARN_ABOUT_RETURN_TYPE = YES_ERROR;
				GCC_WARN_UNDECLARED_SELECTOR = YES;
				GCC_WARN_UNINITIALIZED_AUTOS = YES_AGGRESSIVE;
				GCC_WARN_UNUSED_FUNCTION = YES;
				GCC_WARN_UNUSED_VARIABLE = YES;
				IPHONEOS_DEPLOYMENT_TARGET = 8.0;
				METAL_ENABLE_DEBUG_INFO = YES;
				ONLY_ACTIVE_ARCH = YES;
				SDKROOT = iphoneos;
				SWIFT_OPTIMIZATION_LEVEL = "-Onone";
			};
			name = Debug;
		};
		63D8ADD71963D10F00FD3F47 /* Release */ = {
			isa = XCBuildConfiguration;
			buildSettings = {
				ALWAYS_SEARCH_USER_PATHS = NO;
				CLANG_CXX_LANGUAGE_STANDARD = "gnu++0x";
				CLANG_CXX_LIBRARY = "libc++";
				CLANG_ENABLE_MODULES = YES;
				CLANG_ENABLE_OBJC_ARC = YES;
				CLANG_WARN_BOOL_CONVERSION = YES;
				CLANG_WARN_CONSTANT_CONVERSION = YES;
				CLANG_WARN_DIRECT_OBJC_ISA_USAGE = YES_ERROR;
				CLANG_WARN_EMPTY_BODY = YES;
				CLANG_WARN_ENUM_CONVERSION = YES;
				CLANG_WARN_INT_CONVERSION = YES;
				CLANG_WARN_OBJC_ROOT_CLASS = YES_ERROR;
				CLANG_WARN_UNREACHABLE_CODE = YES;
				CLANG_WARN__DUPLICATE_METHOD_MATCH = YES;
				"CODE_SIGN_IDENTITY[sdk=iphoneos*]" = "iPhone Developer";
				COPY_PHASE_STRIP = YES;
				ENABLE_NS_ASSERTIONS = NO;
				ENABLE_STRICT_OBJC_MSGSEND = YES;
				GCC_C_LANGUAGE_STANDARD = gnu99;
				GCC_WARN_64_TO_32_BIT_CONVERSION = YES;
				GCC_WARN_ABOUT_RETURN_TYPE = YES_ERROR;
				GCC_WARN_UNDECLARED_SELECTOR = YES;
				GCC_WARN_UNINITIALIZED_AUTOS = YES_AGGRESSIVE;
				GCC_WARN_UNUSED_FUNCTION = YES;
				GCC_WARN_UNUSED_VARIABLE = YES;
				IPHONEOS_DEPLOYMENT_TARGET = 8.0;
				METAL_ENABLE_DEBUG_INFO = NO;
				SDKROOT = iphoneos;
				VALIDATE_PRODUCT = YES;
			};
			name = Release;
		};
		63D8ADD91963D10F00FD3F47 /* Debug */ = {
			isa = XCBuildConfiguration;
			buildSettings = {
				ASSETCATALOG_COMPILER_APPICON_NAME = AppIcon;
				ASSETCATALOG_COMPILER_LAUNCHIMAGE_NAME = LaunchImage;
				INFOPLIST_FILE = Yahweezee/Info.plist;
				IPHONEOS_DEPLOYMENT_TARGET = 7.1;
				LD_RUNPATH_SEARCH_PATHS = "$(inherited) @executable_path/Frameworks";
				PRODUCT_NAME = "$(TARGET_NAME)";
			};
			name = Debug;
		};
		63D8ADDA1963D10F00FD3F47 /* Release */ = {
			isa = XCBuildConfiguration;
			buildSettings = {
				ASSETCATALOG_COMPILER_APPICON_NAME = AppIcon;
				ASSETCATALOG_COMPILER_LAUNCHIMAGE_NAME = LaunchImage;
				INFOPLIST_FILE = Yahweezee/Info.plist;
				IPHONEOS_DEPLOYMENT_TARGET = 7.1;
				LD_RUNPATH_SEARCH_PATHS = "$(inherited) @executable_path/Frameworks";
				PRODUCT_NAME = "$(TARGET_NAME)";
			};
			name = Release;
		};
		63D8ADDC1963D10F00FD3F47 /* Debug */ = {
			isa = XCBuildConfiguration;
			buildSettings = {
				BUNDLE_LOADER = "$(BUILT_PRODUCTS_DIR)/Yahweezee.app/Yahweezee";
				FRAMEWORK_SEARCH_PATHS = (
					"$(SDKROOT)/Developer/Library/Frameworks",
					"$(inherited)",
				);
				GCC_PREPROCESSOR_DEFINITIONS = (
					"DEBUG=1",
					"$(inherited)",
				);
				INFOPLIST_FILE = YahweezeeTests/Info.plist;
				LD_RUNPATH_SEARCH_PATHS = "$(inherited) @executable_path/Frameworks @loader_path/Frameworks";
				METAL_ENABLE_DEBUG_INFO = YES;
				PRODUCT_NAME = "$(TARGET_NAME)";
				TEST_HOST = "$(BUNDLE_LOADER)";
			};
			name = Debug;
		};
		63D8ADDD1963D10F00FD3F47 /* Release */ = {
			isa = XCBuildConfiguration;
			buildSettings = {
				BUNDLE_LOADER = "$(BUILT_PRODUCTS_DIR)/Yahweezee.app/Yahweezee";
				FRAMEWORK_SEARCH_PATHS = (
					"$(SDKROOT)/Developer/Library/Frameworks",
					"$(inherited)",
				);
				INFOPLIST_FILE = YahweezeeTests/Info.plist;
				LD_RUNPATH_SEARCH_PATHS = "$(inherited) @executable_path/Frameworks @loader_path/Frameworks";
				METAL_ENABLE_DEBUG_INFO = NO;
				PRODUCT_NAME = "$(TARGET_NAME)";
				TEST_HOST = "$(BUNDLE_LOADER)";
			};
			name = Release;
		};
/* End XCBuildConfiguration section */

/* Begin XCConfigurationList section */
		63D8ADB71963D10F00FD3F47 /* Build configuration list for PBXProject "Yahweezee" */ = {
			isa = XCConfigurationList;
			buildConfigurations = (
				63D8ADD61963D10F00FD3F47 /* Debug */,
				63D8ADD71963D10F00FD3F47 /* Release */,
			);
			defaultConfigurationIsVisible = 0;
			defaultConfigurationName = Release;
		};
		63D8ADD81963D10F00FD3F47 /* Build configuration list for PBXNativeTarget "Yahweezee" */ = {
			isa = XCConfigurationList;
			buildConfigurations = (
				63D8ADD91963D10F00FD3F47 /* Debug */,
				63D8ADDA1963D10F00FD3F47 /* Release */,
			);
			defaultConfigurationIsVisible = 0;
			defaultConfigurationName = Release;
		};
		63D8ADDB1963D10F00FD3F47 /* Build configuration list for PBXNativeTarget "YahweezeeTests" */ = {
			isa = XCConfigurationList;
			buildConfigurations = (
				63D8ADDC1963D10F00FD3F47 /* Debug */,
				63D8ADDD1963D10F00FD3F47 /* Release */,
			);
			defaultConfigurationIsVisible = 0;
			defaultConfigurationName = Release;
		};
/* End XCConfigurationList section */
	};
	rootObject = 63D8ADB41963D10F00FD3F47 /* Project object */;
}
